// !$*UTF8*$!
{
	archiveVersion = 1;
	classes = {
	};
	objectVersion = 51;
	objects = {

/* Begin PBXBuildFile section */
		55680A312429E9BD00E90A6F /* CoreDataManager.swift in Sources */ = {isa = PBXBuildFile; fileRef = 55680A302429E9BD00E90A6F /* CoreDataManager.swift */; };
		55680A33242A855F00E90A6F /* DatePopUpMenuController.swift in Sources */ = {isa = PBXBuildFile; fileRef = 55680A32242A855F00E90A6F /* DatePopUpMenuController.swift */; };
		55680A35242A86E400E90A6F /* DatePopUpMenu.xib in Resources */ = {isa = PBXBuildFile; fileRef = 55680A34242A86E400E90A6F /* DatePopUpMenu.xib */; };
		559183AC2429278200123FD6 /* SortPopUpMenuController.swift in Sources */ = {isa = PBXBuildFile; fileRef = 559183AB2429278100123FD6 /* SortPopUpMenuController.swift */; };
		559183AE242927F100123FD6 /* PopUpMenu.xib in Resources */ = {isa = PBXBuildFile; fileRef = 559183AD242927F100123FD6 /* PopUpMenu.xib */; };
		559CF47024279EC700CBA24E /* CalendarViewController.swift in Sources */ = {isa = PBXBuildFile; fileRef = 559CF46F24279EC700CBA24E /* CalendarViewController.swift */; };
		55EAD198242363EA00E62419 /* ExpenseTableViewCell.swift in Sources */ = {isa = PBXBuildFile; fileRef = 55EAD197242363EA00E62419 /* ExpenseTableViewCell.swift */; };
		55EAD19A2423656000E62419 /* Extensions.swift in Sources */ = {isa = PBXBuildFile; fileRef = 55EAD1992423656000E62419 /* Extensions.swift */; };
		5B49F6EC71D2DAE1FFE10D57 /* Pods_WalletApp.framework in Frameworks */ = {isa = PBXBuildFile; fileRef = 93D4D71D8F6C7F330572DAA3 /* Pods_WalletApp.framework */; };
		6305EC7520BC528300AE3989 /* OverviewViewController.swift in Sources */ = {isa = PBXBuildFile; fileRef = 6305EC7420BC528300AE3989 /* OverviewViewController.swift */; };
		6305EC7720BC573500AE3989 /* ExpensesViewController.swift in Sources */ = {isa = PBXBuildFile; fileRef = 6305EC7620BC573500AE3989 /* ExpensesViewController.swift */; };
		6305EC7920BC5A8200AE3989 /* IncomingsViewController.swift in Sources */ = {isa = PBXBuildFile; fileRef = 6305EC7820BC5A8200AE3989 /* IncomingsViewController.swift */; };
		63450D6F20C0328E0076B2E4 /* SettingsTableViewController.swift in Sources */ = {isa = PBXBuildFile; fileRef = 63450D6E20C0328E0076B2E4 /* SettingsTableViewController.swift */; };
		63450D7120C035B10076B2E4 /* Constants.swift in Sources */ = {isa = PBXBuildFile; fileRef = 63450D7020C035B10076B2E4 /* Constants.swift */; };
		63450D7320C0373A0076B2E4 /* CategoriesTableViewController.swift in Sources */ = {isa = PBXBuildFile; fileRef = 63450D7220C0373A0076B2E4 /* CategoriesTableViewController.swift */; };
		63450D7720C0697D0076B2E4 /* CategoryTableViewCell.swift in Sources */ = {isa = PBXBuildFile; fileRef = 63450D7620C0697D0076B2E4 /* CategoryTableViewCell.swift */; };
		636444A821625B2900C77E8D /* CustomViewController.swift in Sources */ = {isa = PBXBuildFile; fileRef = 636444A721625B2900C77E8D /* CustomViewController.swift */; };
		636444AA21628DAC00C77E8D /* TransactionsViewController.swift in Sources */ = {isa = PBXBuildFile; fileRef = 636444A921628DAC00C77E8D /* TransactionsViewController.swift */; };
		638EE76620BBC8AB00943AF0 /* DashboardViewController.swift in Sources */ = {isa = PBXBuildFile; fileRef = 638EE76520BBC8AB00943AF0 /* DashboardViewController.swift */; };
		638EE76820BBCC4B00943AF0 /* Helpers.swift in Sources */ = {isa = PBXBuildFile; fileRef = 638EE76720BBCC4B00943AF0 /* Helpers.swift */; };
		63A3DB5721878C360067CE57 /* TransactionTableViewCell.swift in Sources */ = {isa = PBXBuildFile; fileRef = 63A3DB5621878C360067CE57 /* TransactionTableViewCell.swift */; };
		63DCB6312162268F005B2D28 /* AnimationManager.swift in Sources */ = {isa = PBXBuildFile; fileRef = 63DCB6302162268F005B2D28 /* AnimationManager.swift */; };
		63DE0EDB21693318000549EB /* CategoryCollectionViewCell.swift in Sources */ = {isa = PBXBuildFile; fileRef = 63DE0EDA21693318000549EB /* CategoryCollectionViewCell.swift */; };
		63E1D3FB20BB27B500049FC9 /* AppDelegate.swift in Sources */ = {isa = PBXBuildFile; fileRef = 63E1D3FA20BB27B500049FC9 /* AppDelegate.swift */; };
		63E1D40020BB27B500049FC9 /* Main.storyboard in Resources */ = {isa = PBXBuildFile; fileRef = 63E1D3FE20BB27B500049FC9 /* Main.storyboard */; };
		63E1D40320BB27B500049FC9 /* WalletApp.xcdatamodeld in Sources */ = {isa = PBXBuildFile; fileRef = 63E1D40120BB27B500049FC9 /* WalletApp.xcdatamodeld */; };
		63E1D40520BB27B600049FC9 /* Assets.xcassets in Resources */ = {isa = PBXBuildFile; fileRef = 63E1D40420BB27B600049FC9 /* Assets.xcassets */; };
		63E1D40820BB27B600049FC9 /* LaunchScreen.storyboard in Resources */ = {isa = PBXBuildFile; fileRef = 63E1D40620BB27B600049FC9 /* LaunchScreen.storyboard */; };
		63E1D41020BB2F6F00049FC9 /* AddExpenseViewController.swift in Sources */ = {isa = PBXBuildFile; fileRef = 63E1D40F20BB2F6F00049FC9 /* AddExpenseViewController.swift */; };
		63E2E6B520C3D5640036FB3C /* Charts.framework in Frameworks */ = {isa = PBXBuildFile; fileRef = 63E2E6B420C3D5640036FB3C /* Charts.framework */; };
		63EA934D20BF27D30082F3E7 /* Categories.swift in Sources */ = {isa = PBXBuildFile; fileRef = 63EA934C20BF27D30082F3E7 /* Categories.swift */; };
/* End PBXBuildFile section */

/* Begin PBXFileReference section */
		2FF6B8FAC19E7B3BDCFE78FF /* Pods-WalletApp.debug.xcconfig */ = {isa = PBXFileReference; includeInIndex = 1; lastKnownFileType = text.xcconfig; name = "Pods-WalletApp.debug.xcconfig"; path = "Pods/Target Support Files/Pods-WalletApp/Pods-WalletApp.debug.xcconfig"; sourceTree = "<group>"; };
		55680A302429E9BD00E90A6F /* CoreDataManager.swift */ = {isa = PBXFileReference; lastKnownFileType = sourcecode.swift; path = CoreDataManager.swift; sourceTree = "<group>"; };
		55680A32242A855F00E90A6F /* DatePopUpMenuController.swift */ = {isa = PBXFileReference; lastKnownFileType = sourcecode.swift; path = DatePopUpMenuController.swift; sourceTree = "<group>"; };
		55680A34242A86E400E90A6F /* DatePopUpMenu.xib */ = {isa = PBXFileReference; lastKnownFileType = file.xib; path = DatePopUpMenu.xib; sourceTree = "<group>"; };
		559183AB2429278100123FD6 /* SortPopUpMenuController.swift */ = {isa = PBXFileReference; lastKnownFileType = sourcecode.swift; path = SortPopUpMenuController.swift; sourceTree = "<group>"; };
		559183AD242927F100123FD6 /* PopUpMenu.xib */ = {isa = PBXFileReference; lastKnownFileType = file.xib; path = PopUpMenu.xib; sourceTree = "<group>"; };
		559CF46F24279EC700CBA24E /* CalendarViewController.swift */ = {isa = PBXFileReference; lastKnownFileType = sourcecode.swift; path = CalendarViewController.swift; sourceTree = "<group>"; };
		55EAD197242363EA00E62419 /* ExpenseTableViewCell.swift */ = {isa = PBXFileReference; lastKnownFileType = sourcecode.swift; path = ExpenseTableViewCell.swift; sourceTree = "<group>"; };
		55EAD1992423656000E62419 /* Extensions.swift */ = {isa = PBXFileReference; lastKnownFileType = sourcecode.swift; path = Extensions.swift; sourceTree = "<group>"; };
		6305EC7420BC528300AE3989 /* OverviewViewController.swift */ = {isa = PBXFileReference; lastKnownFileType = sourcecode.swift; path = OverviewViewController.swift; sourceTree = "<group>"; };
		6305EC7620BC573500AE3989 /* ExpensesViewController.swift */ = {isa = PBXFileReference; lastKnownFileType = sourcecode.swift; path = ExpensesViewController.swift; sourceTree = "<group>"; };
		6305EC7820BC5A8200AE3989 /* IncomingsViewController.swift */ = {isa = PBXFileReference; lastKnownFileType = sourcecode.swift; path = IncomingsViewController.swift; sourceTree = "<group>"; };
		63450D6E20C0328E0076B2E4 /* SettingsTableViewController.swift */ = {isa = PBXFileReference; lastKnownFileType = sourcecode.swift; path = SettingsTableViewController.swift; sourceTree = "<group>"; };
		63450D7020C035B10076B2E4 /* Constants.swift */ = {isa = PBXFileReference; lastKnownFileType = sourcecode.swift; path = Constants.swift; sourceTree = "<group>"; };
		63450D7220C0373A0076B2E4 /* CategoriesTableViewController.swift */ = {isa = PBXFileReference; lastKnownFileType = sourcecode.swift; path = CategoriesTableViewController.swift; sourceTree = "<group>"; };
		63450D7620C0697D0076B2E4 /* CategoryTableViewCell.swift */ = {isa = PBXFileReference; lastKnownFileType = sourcecode.swift; path = CategoryTableViewCell.swift; sourceTree = "<group>"; };
		636444A721625B2900C77E8D /* CustomViewController.swift */ = {isa = PBXFileReference; lastKnownFileType = sourcecode.swift; path = CustomViewController.swift; sourceTree = "<group>"; };
		636444A921628DAC00C77E8D /* TransactionsViewController.swift */ = {isa = PBXFileReference; lastKnownFileType = sourcecode.swift; path = TransactionsViewController.swift; sourceTree = "<group>"; };
		638EE76520BBC8AB00943AF0 /* DashboardViewController.swift */ = {isa = PBXFileReference; lastKnownFileType = sourcecode.swift; path = DashboardViewController.swift; sourceTree = "<group>"; };
		638EE76720BBCC4B00943AF0 /* Helpers.swift */ = {isa = PBXFileReference; lastKnownFileType = sourcecode.swift; path = Helpers.swift; sourceTree = "<group>"; };
		63A3DB5621878C360067CE57 /* TransactionTableViewCell.swift */ = {isa = PBXFileReference; lastKnownFileType = sourcecode.swift; path = TransactionTableViewCell.swift; sourceTree = "<group>"; };
		63DCB6302162268F005B2D28 /* AnimationManager.swift */ = {isa = PBXFileReference; lastKnownFileType = sourcecode.swift; path = AnimationManager.swift; sourceTree = "<group>"; };
		63DE0EDA21693318000549EB /* CategoryCollectionViewCell.swift */ = {isa = PBXFileReference; lastKnownFileType = sourcecode.swift; path = CategoryCollectionViewCell.swift; sourceTree = "<group>"; };
		63E1D3F720BB27B500049FC9 /* WalletApp.app */ = {isa = PBXFileReference; explicitFileType = wrapper.application; includeInIndex = 0; path = WalletApp.app; sourceTree = BUILT_PRODUCTS_DIR; };
		63E1D3FA20BB27B500049FC9 /* AppDelegate.swift */ = {isa = PBXFileReference; lastKnownFileType = sourcecode.swift; path = AppDelegate.swift; sourceTree = "<group>"; };
		63E1D3FF20BB27B500049FC9 /* Base */ = {isa = PBXFileReference; lastKnownFileType = file.storyboard; name = Base; path = Base.lproj/Main.storyboard; sourceTree = "<group>"; };
		63E1D40220BB27B500049FC9 /* WalletApp.xcdatamodel */ = {isa = PBXFileReference; lastKnownFileType = wrapper.xcdatamodel; path = WalletApp.xcdatamodel; sourceTree = "<group>"; };
		63E1D40420BB27B600049FC9 /* Assets.xcassets */ = {isa = PBXFileReference; lastKnownFileType = folder.assetcatalog; path = Assets.xcassets; sourceTree = "<group>"; };
		63E1D40720BB27B600049FC9 /* Base */ = {isa = PBXFileReference; lastKnownFileType = file.storyboard; name = Base; path = Base.lproj/LaunchScreen.storyboard; sourceTree = "<group>"; };
		63E1D40920BB27B600049FC9 /* Info.plist */ = {isa = PBXFileReference; lastKnownFileType = text.plist.xml; path = Info.plist; sourceTree = "<group>"; };
		63E1D40F20BB2F6F00049FC9 /* AddExpenseViewController.swift */ = {isa = PBXFileReference; lastKnownFileType = sourcecode.swift; path = AddExpenseViewController.swift; sourceTree = "<group>"; };
		63E2E6B420C3D5640036FB3C /* Charts.framework */ = {isa = PBXFileReference; explicitFileType = wrapper.framework; path = Charts.framework; sourceTree = BUILT_PRODUCTS_DIR; };
		63EA934C20BF27D30082F3E7 /* Categories.swift */ = {isa = PBXFileReference; lastKnownFileType = sourcecode.swift; path = Categories.swift; sourceTree = "<group>"; };
		93D4D71D8F6C7F330572DAA3 /* Pods_WalletApp.framework */ = {isa = PBXFileReference; explicitFileType = wrapper.framework; includeInIndex = 0; path = Pods_WalletApp.framework; sourceTree = BUILT_PRODUCTS_DIR; };
		A396C84D37D65AB996D5FBD1 /* Pods-WalletApp.release.xcconfig */ = {isa = PBXFileReference; includeInIndex = 1; lastKnownFileType = text.xcconfig; name = "Pods-WalletApp.release.xcconfig"; path = "Pods/Target Support Files/Pods-WalletApp/Pods-WalletApp.release.xcconfig"; sourceTree = "<group>"; };
/* End PBXFileReference section */

/* Begin PBXFrameworksBuildPhase section */
		63E1D3F420BB27B500049FC9 /* Frameworks */ = {
			isa = PBXFrameworksBuildPhase;
			buildActionMask = 2147483647;
			files = (
				63E2E6B520C3D5640036FB3C /* Charts.framework in Frameworks */,
				5B49F6EC71D2DAE1FFE10D57 /* Pods_WalletApp.framework in Frameworks */,
			);
			runOnlyForDeploymentPostprocessing = 0;
		};
/* End PBXFrameworksBuildPhase section */

/* Begin PBXGroup section */
		6307B170216A8345006A442C /* AddItem */ = {
			isa = PBXGroup;
			children = (
				63E1D40F20BB2F6F00049FC9 /* AddExpenseViewController.swift */,
			);
			name = AddItem;
			sourceTree = "<group>";
		};
		63450D6C20C032370076B2E4 /* Dashboard */ = {
			isa = PBXGroup;
			children = (
				638EE76520BBC8AB00943AF0 /* DashboardViewController.swift */,
				6305EC7420BC528300AE3989 /* OverviewViewController.swift */,
				6305EC7620BC573500AE3989 /* ExpensesViewController.swift */,
				6305EC7820BC5A8200AE3989 /* IncomingsViewController.swift */,
			);
			name = Dashboard;
			sourceTree = "<group>";
		};
		63450D6D20C032530076B2E4 /* Utilities */ = {
			isa = PBXGroup;
			children = (
				63EA934C20BF27D30082F3E7 /* Categories.swift */,
				638EE76720BBCC4B00943AF0 /* Helpers.swift */,
				63450D7020C035B10076B2E4 /* Constants.swift */,
				55EAD1992423656000E62419 /* Extensions.swift */,
			);
			name = Utilities;
			sourceTree = "<group>";
		};
		639C482D216A1A2B00DC0B6B /* Classes */ = {
			isa = PBXGroup;
			children = (
				63DCB6302162268F005B2D28 /* AnimationManager.swift */,
				636444A721625B2900C77E8D /* CustomViewController.swift */,
				55680A302429E9BD00E90A6F /* CoreDataManager.swift */,
			);
			name = Classes;
			sourceTree = "<group>";
		};
		639C482E216A1D5D00DC0B6B /* Settings */ = {
			isa = PBXGroup;
			children = (
				63450D6E20C0328E0076B2E4 /* SettingsTableViewController.swift */,
				63450D7220C0373A0076B2E4 /* CategoriesTableViewController.swift */,
			);
			name = Settings;
			sourceTree = "<group>";
		};
		63DE0ED9216932EB000549EB /* CustomCells */ = {
			isa = PBXGroup;
			children = (
				63450D7620C0697D0076B2E4 /* CategoryTableViewCell.swift */,
				55EAD197242363EA00E62419 /* ExpenseTableViewCell.swift */,
				63DE0EDA21693318000549EB /* CategoryCollectionViewCell.swift */,
				63A3DB5621878C360067CE57 /* TransactionTableViewCell.swift */,
			);
			path = CustomCells;
			sourceTree = "<group>";
		};
		63E1D3EE20BB27B500049FC9 = {
			isa = PBXGroup;
			children = (
				63E1D3F920BB27B500049FC9 /* WalletApp */,
				63E1D3F820BB27B500049FC9 /* Products */,
				DA30B48498C3921CFBD748B1 /* Pods */,
				FD1D26788CD23245EAD18F54 /* Frameworks */,
			);
			sourceTree = "<group>";
		};
		63E1D3F820BB27B500049FC9 /* Products */ = {
			isa = PBXGroup;
			children = (
				63E1D3F720BB27B500049FC9 /* WalletApp.app */,
			);
			name = Products;
			sourceTree = "<group>";
		};
		63E1D3F920BB27B500049FC9 /* WalletApp */ = {
			isa = PBXGroup;
			children = (
				63E1D3FA20BB27B500049FC9 /* AppDelegate.swift */,
				559183AB2429278100123FD6 /* SortPopUpMenuController.swift */,
				55680A32242A855F00E90A6F /* DatePopUpMenuController.swift */,
				63450D6C20C032370076B2E4 /* Dashboard */,
				6307B170216A8345006A442C /* AddItem */,
				636444A921628DAC00C77E8D /* TransactionsViewController.swift */,
				559CF46F24279EC700CBA24E /* CalendarViewController.swift */,
				639C482E216A1D5D00DC0B6B /* Settings */,
				63DE0ED9216932EB000549EB /* CustomCells */,
				639C482D216A1A2B00DC0B6B /* Classes */,
				63450D6D20C032530076B2E4 /* Utilities */,
				63E1D3FE20BB27B500049FC9 /* Main.storyboard */,
				559183AD242927F100123FD6 /* PopUpMenu.xib */,
				55680A34242A86E400E90A6F /* DatePopUpMenu.xib */,
				63E1D40420BB27B600049FC9 /* Assets.xcassets */,
				63E1D40620BB27B600049FC9 /* LaunchScreen.storyboard */,
				63E1D40920BB27B600049FC9 /* Info.plist */,
				63E1D40120BB27B500049FC9 /* WalletApp.xcdatamodeld */,
			);
			path = WalletApp;
			sourceTree = "<group>";
		};
		DA30B48498C3921CFBD748B1 /* Pods */ = {
			isa = PBXGroup;
			children = (
				2FF6B8FAC19E7B3BDCFE78FF /* Pods-WalletApp.debug.xcconfig */,
				A396C84D37D65AB996D5FBD1 /* Pods-WalletApp.release.xcconfig */,
			);
			name = Pods;
			sourceTree = "<group>";
		};
		FD1D26788CD23245EAD18F54 /* Frameworks */ = {
			isa = PBXGroup;
			children = (
				63E2E6B420C3D5640036FB3C /* Charts.framework */,
				93D4D71D8F6C7F330572DAA3 /* Pods_WalletApp.framework */,
			);
			name = Frameworks;
			sourceTree = "<group>";
		};
/* End PBXGroup section */

/* Begin PBXNativeTarget section */
		63E1D3F620BB27B500049FC9 /* WalletApp */ = {
			isa = PBXNativeTarget;
			buildConfigurationList = 63E1D40C20BB27B600049FC9 /* Build configuration list for PBXNativeTarget "WalletApp" */;
			buildPhases = (
				FBF72BA46221B99D85A59243 /* [CP] Check Pods Manifest.lock */,
				63E1D3F320BB27B500049FC9 /* Sources */,
				63E1D3F420BB27B500049FC9 /* Frameworks */,
				63E1D3F520BB27B500049FC9 /* Resources */,
				0A480C24B98E1B5604C99F5A /* [CP] Embed Pods Frameworks */,
			);
			buildRules = (
			);
			dependencies = (
			);
			name = WalletApp;
			productName = WalletApp;
			productReference = 63E1D3F720BB27B500049FC9 /* WalletApp.app */;
			productType = "com.apple.product-type.application";
		};
/* End PBXNativeTarget section */

/* Begin PBXProject section */
		63E1D3EF20BB27B500049FC9 /* Project object */ = {
			isa = PBXProject;
			attributes = {
				LastSwiftUpdateCheck = 0930;
				LastUpgradeCheck = 0930;
				ORGANIZATIONNAME = "David Kababyan";
				TargetAttributes = {
					63E1D3F620BB27B500049FC9 = {
						CreatedOnToolsVersion = 9.3.1;
					};
				};
			};
			buildConfigurationList = 63E1D3F220BB27B500049FC9 /* Build configuration list for PBXProject "WalletApp" */;
			compatibilityVersion = "Xcode 9.3";
			developmentRegion = en;
			hasScannedForEncodings = 0;
			knownRegions = (
				en,
				Base,
			);
			mainGroup = 63E1D3EE20BB27B500049FC9;
			productRefGroup = 63E1D3F820BB27B500049FC9 /* Products */;
			projectDirPath = "";
			projectRoot = "";
			targets = (
				63E1D3F620BB27B500049FC9 /* WalletApp */,
			);
		};
/* End PBXProject section */

/* Begin PBXResourcesBuildPhase section */
		63E1D3F520BB27B500049FC9 /* Resources */ = {
			isa = PBXResourcesBuildPhase;
			buildActionMask = 2147483647;
			files = (
				63E1D40820BB27B600049FC9 /* LaunchScreen.storyboard in Resources */,
				63E1D40520BB27B600049FC9 /* Assets.xcassets in Resources */,
				55680A35242A86E400E90A6F /* DatePopUpMenu.xib in Resources */,
				63E1D40020BB27B500049FC9 /* Main.storyboard in Resources */,
				559183AE242927F100123FD6 /* PopUpMenu.xib in Resources */,
			);
			runOnlyForDeploymentPostprocessing = 0;
		};
/* End PBXResourcesBuildPhase section */

/* Begin PBXShellScriptBuildPhase section */
		0A480C24B98E1B5604C99F5A /* [CP] Embed Pods Frameworks */ = {
			isa = PBXShellScriptBuildPhase;
			buildActionMask = 2147483647;
			files = (
			);
			inputFileListPaths = (
				"${PODS_ROOT}/Target Support Files/Pods-WalletApp/Pods-WalletApp-frameworks-${CONFIGURATION}-input-files.xcfilelist",
			);
			name = "[CP] Embed Pods Frameworks";
			outputFileListPaths = (
				"${PODS_ROOT}/Target Support Files/Pods-WalletApp/Pods-WalletApp-frameworks-${CONFIGURATION}-output-files.xcfilelist",
			);
			runOnlyForDeploymentPostprocessing = 0;
			shellPath = /bin/sh;
			shellScript = "\"${PODS_ROOT}/Target Support Files/Pods-WalletApp/Pods-WalletApp-frameworks.sh\"\n";
			showEnvVarsInLog = 0;
		};
		FBF72BA46221B99D85A59243 /* [CP] Check Pods Manifest.lock */ = {
			isa = PBXShellScriptBuildPhase;
			buildActionMask = 2147483647;
			files = (
			);
			inputPaths = (
				"${PODS_PODFILE_DIR_PATH}/Podfile.lock",
				"${PODS_ROOT}/Manifest.lock",
			);
			name = "[CP] Check Pods Manifest.lock";
			outputPaths = (
				"$(DERIVED_FILE_DIR)/Pods-WalletApp-checkManifestLockResult.txt",
			);
			runOnlyForDeploymentPostprocessing = 0;
			shellPath = /bin/sh;
			shellScript = "diff \"${PODS_PODFILE_DIR_PATH}/Podfile.lock\" \"${PODS_ROOT}/Manifest.lock\" > /dev/null\nif [ $? != 0 ] ; then\n    # print error to STDERR\n    echo \"error: The sandbox is not in sync with the Podfile.lock. Run 'pod install' or update your CocoaPods installation.\" >&2\n    exit 1\nfi\n# This output is used by Xcode 'outputs' to avoid re-running this script phase.\necho \"SUCCESS\" > \"${SCRIPT_OUTPUT_FILE_0}\"\n";
			showEnvVarsInLog = 0;
		};
/* End PBXShellScriptBuildPhase section */

/* Begin PBXSourcesBuildPhase section */
		63E1D3F320BB27B500049FC9 /* Sources */ = {
			isa = PBXSourcesBuildPhase;
			buildActionMask = 2147483647;
			files = (
				63E1D40320BB27B500049FC9 /* WalletApp.xcdatamodeld in Sources */,
				63450D7120C035B10076B2E4 /* Constants.swift in Sources */,
				6305EC7720BC573500AE3989 /* ExpensesViewController.swift in Sources */,
				63DE0EDB21693318000549EB /* CategoryCollectionViewCell.swift in Sources */,
				63450D7320C0373A0076B2E4 /* CategoriesTableViewController.swift in Sources */,
				63DCB6312162268F005B2D28 /* AnimationManager.swift in Sources */,
				55EAD198242363EA00E62419 /* ExpenseTableViewCell.swift in Sources */,
				63E1D41020BB2F6F00049FC9 /* AddExpenseViewController.swift in Sources */,
				55680A312429E9BD00E90A6F /* CoreDataManager.swift in Sources */,
				636444AA21628DAC00C77E8D /* TransactionsViewController.swift in Sources */,
				63E1D3FB20BB27B500049FC9 /* AppDelegate.swift in Sources */,
				55680A33242A855F00E90A6F /* DatePopUpMenuController.swift in Sources */,
				638EE76820BBCC4B00943AF0 /* Helpers.swift in Sources */,
				559183AC2429278200123FD6 /* SortPopUpMenuController.swift in Sources */,
				63EA934D20BF27D30082F3E7 /* Categories.swift in Sources */,
				559CF47024279EC700CBA24E /* CalendarViewController.swift in Sources */,
				63450D6F20C0328E0076B2E4 /* SettingsTableViewController.swift in Sources */,
				638EE76620BBC8AB00943AF0 /* DashboardViewController.swift in Sources */,
				6305EC7920BC5A8200AE3989 /* IncomingsViewController.swift in Sources */,
				55EAD19A2423656000E62419 /* Extensions.swift in Sources */,
				636444A821625B2900C77E8D /* CustomViewController.swift in Sources */,
				63450D7720C0697D0076B2E4 /* CategoryTableViewCell.swift in Sources */,
				63A3DB5721878C360067CE57 /* TransactionTableViewCell.swift in Sources */,
				6305EC7520BC528300AE3989 /* OverviewViewController.swift in Sources */,
			);
			runOnlyForDeploymentPostprocessing = 0;
		};
/* End PBXSourcesBuildPhase section */

/* Begin PBXVariantGroup section */
		63E1D3FE20BB27B500049FC9 /* Main.storyboard */ = {
			isa = PBXVariantGroup;
			children = (
				63E1D3FF20BB27B500049FC9 /* Base */,
			);
			name = Main.storyboard;
			sourceTree = "<group>";
		};
		63E1D40620BB27B600049FC9 /* LaunchScreen.storyboard */ = {
			isa = PBXVariantGroup;
			children = (
				63E1D40720BB27B600049FC9 /* Base */,
			);
			name = LaunchScreen.storyboard;
			sourceTree = "<group>";
		};
/* End PBXVariantGroup section */

/* Begin XCBuildConfiguration section */
		63E1D40A20BB27B600049FC9 /* Debug */ = {
			isa = XCBuildConfiguration;
			buildSettings = {
				ALWAYS_SEARCH_USER_PATHS = NO;
				CLANG_ANALYZER_NONNULL = YES;
				CLANG_ANALYZER_NUMBER_OBJECT_CONVERSION = YES_AGGRESSIVE;
				CLANG_CXX_LANGUAGE_STANDARD = "gnu++14";
				CLANG_CXX_LIBRARY = "libc++";
				CLANG_ENABLE_MODULES = YES;
				CLANG_ENABLE_OBJC_ARC = YES;
				CLANG_ENABLE_OBJC_WEAK = YES;
				CLANG_WARN_BLOCK_CAPTURE_AUTORELEASING = YES;
				CLANG_WARN_BOOL_CONVERSION = YES;
				CLANG_WARN_COMMA = YES;
				CLANG_WARN_CONSTANT_CONVERSION = YES;
				CLANG_WARN_DEPRECATED_OBJC_IMPLEMENTATIONS = YES;
				CLANG_WARN_DIRECT_OBJC_ISA_USAGE = YES_ERROR;
				CLANG_WARN_DOCUMENTATION_COMMENTS = YES;
				CLANG_WARN_EMPTY_BODY = YES;
				CLANG_WARN_ENUM_CONVERSION = YES;
				CLANG_WARN_INFINITE_RECURSION = YES;
				CLANG_WARN_INT_CONVERSION = YES;
				CLANG_WARN_NON_LITERAL_NULL_CONVERSION = YES;
				CLANG_WARN_OBJC_IMPLICIT_RETAIN_SELF = YES;
				CLANG_WARN_OBJC_LITERAL_CONVERSION = YES;
				CLANG_WARN_OBJC_ROOT_CLASS = YES_ERROR;
				CLANG_WARN_RANGE_LOOP_ANALYSIS = YES;
				CLANG_WARN_STRICT_PROTOTYPES = YES;
				CLANG_WARN_SUSPICIOUS_MOVE = YES;
				CLANG_WARN_UNGUARDED_AVAILABILITY = YES_AGGRESSIVE;
				CLANG_WARN_UNREACHABLE_CODE = YES;
				CLANG_WARN__DUPLICATE_METHOD_MATCH = YES;
				CODE_SIGN_IDENTITY = "iPhone Developer";
				COPY_PHASE_STRIP = NO;
				DEBUG_INFORMATION_FORMAT = dwarf;
				ENABLE_STRICT_OBJC_MSGSEND = YES;
				ENABLE_TESTABILITY = YES;
				GCC_C_LANGUAGE_STANDARD = gnu11;
				GCC_DYNAMIC_NO_PIC = NO;
				GCC_NO_COMMON_BLOCKS = YES;
				GCC_OPTIMIZATION_LEVEL = 0;
				GCC_PREPROCESSOR_DEFINITIONS = (
					"DEBUG=1",
					"$(inherited)",
				);
				GCC_WARN_64_TO_32_BIT_CONVERSION = YES;
				GCC_WARN_ABOUT_RETURN_TYPE = YES_ERROR;
				GCC_WARN_UNDECLARED_SELECTOR = YES;
				GCC_WARN_UNINITIALIZED_AUTOS = YES_AGGRESSIVE;
				GCC_WARN_UNUSED_FUNCTION = YES;
				GCC_WARN_UNUSED_VARIABLE = YES;
				IPHONEOS_DEPLOYMENT_TARGET = 11.3;
				MTL_ENABLE_DEBUG_INFO = YES;
				ONLY_ACTIVE_ARCH = YES;
				SDKROOT = iphoneos;
				SWIFT_ACTIVE_COMPILATION_CONDITIONS = DEBUG;
				SWIFT_OPTIMIZATION_LEVEL = "-Onone";
			};
			name = Debug;
		};
		63E1D40B20BB27B600049FC9 /* Release */ = {
			isa = XCBuildConfiguration;
			buildSettings = {
				ALWAYS_SEARCH_USER_PATHS = NO;
				CLANG_ANALYZER_NONNULL = YES;
				CLANG_ANALYZER_NUMBER_OBJECT_CONVERSION = YES_AGGRESSIVE;
				CLANG_CXX_LANGUAGE_STANDARD = "gnu++14";
				CLANG_CXX_LIBRARY = "libc++";
				CLANG_ENABLE_MODULES = YES;
				CLANG_ENABLE_OBJC_ARC = YES;
				CLANG_ENABLE_OBJC_WEAK = YES;
				CLANG_WARN_BLOCK_CAPTURE_AUTORELEASING = YES;
				CLANG_WARN_BOOL_CONVERSION = YES;
				CLANG_WARN_COMMA = YES;
				CLANG_WARN_CONSTANT_CONVERSION = YES;
				CLANG_WARN_DEPRECATED_OBJC_IMPLEMENTATIONS = YES;
				CLANG_WARN_DIRECT_OBJC_ISA_USAGE = YES_ERROR;
				CLANG_WARN_DOCUMENTATION_COMMENTS = YES;
				CLANG_WARN_EMPTY_BODY = YES;
				CLANG_WARN_ENUM_CONVERSION = YES;
				CLANG_WARN_INFINITE_RECURSION = YES;
				CLANG_WARN_INT_CONVERSION = YES;
				CLANG_WARN_NON_LITERAL_NULL_CONVERSION = YES;
				CLANG_WARN_OBJC_IMPLICIT_RETAIN_SELF = YES;
				CLANG_WARN_OBJC_LITERAL_CONVERSION = YES;
				CLANG_WARN_OBJC_ROOT_CLASS = YES_ERROR;
				CLANG_WARN_RANGE_LOOP_ANALYSIS = YES;
				CLANG_WARN_STRICT_PROTOTYPES = YES;
				CLANG_WARN_SUSPICIOUS_MOVE = YES;
				CLANG_WARN_UNGUARDED_AVAILABILITY = YES_AGGRESSIVE;
				CLANG_WARN_UNREACHABLE_CODE = YES;
				CLANG_WARN__DUPLICATE_METHOD_MATCH = YES;
				CODE_SIGN_IDENTITY = "iPhone Developer";
				COPY_PHASE_STRIP = NO;
				DEBUG_INFORMATION_FORMAT = "dwarf-with-dsym";
				ENABLE_NS_ASSERTIONS = NO;
				ENABLE_STRICT_OBJC_MSGSEND = YES;
				GCC_C_LANGUAGE_STANDARD = gnu11;
				GCC_NO_COMMON_BLOCKS = YES;
				GCC_WARN_64_TO_32_BIT_CONVERSION = YES;
				GCC_WARN_ABOUT_RETURN_TYPE = YES_ERROR;
				GCC_WARN_UNDECLARED_SELECTOR = YES;
				GCC_WARN_UNINITIALIZED_AUTOS = YES_AGGRESSIVE;
				GCC_WARN_UNUSED_FUNCTION = YES;
				GCC_WARN_UNUSED_VARIABLE = YES;
				IPHONEOS_DEPLOYMENT_TARGET = 11.3;
				MTL_ENABLE_DEBUG_INFO = NO;
				SDKROOT = iphoneos;
				SWIFT_COMPILATION_MODE = wholemodule;
				SWIFT_OPTIMIZATION_LEVEL = "-O";
				VALIDATE_PRODUCT = YES;
			};
			name = Release;
		};
		63E1D40D20BB27B600049FC9 /* Debug */ = {
			isa = XCBuildConfiguration;
			baseConfigurationReference = 2FF6B8FAC19E7B3BDCFE78FF /* Pods-WalletApp.debug.xcconfig */;
			buildSettings = {
				ASSETCATALOG_COMPILER_APPICON_NAME = AppIcon;
				CODE_SIGN_STYLE = Automatic;
				DEVELOPMENT_TEAM = 7P6AJEE272;
				INFOPLIST_FILE = WalletApp/Info.plist;
				IPHONEOS_DEPLOYMENT_TARGET = 13.0;
				LD_RUNPATH_SEARCH_PATHS = (
					"$(inherited)",
					"@executable_path/Frameworks",
				);
				PRODUCT_BUNDLE_IDENTIFIER = com.iosdevschool.WalletApp;
				PRODUCT_NAME = "$(TARGET_NAME)";
				SWIFT_VERSION = 4.0;
				TARGETED_DEVICE_FAMILY = "1,2";
			};
			name = Debug;
		};
		63E1D40E20BB27B600049FC9 /* Release */ = {
			isa = XCBuildConfiguration;
			baseConfigurationReference = A396C84D37D65AB996D5FBD1 /* Pods-WalletApp.release.xcconfig */;
			buildSettings = {
				ASSETCATALOG_COMPILER_APPICON_NAME = AppIcon;
				CODE_SIGN_STYLE = Automatic;
				DEVELOPMENT_TEAM = 7P6AJEE272;
				INFOPLIST_FILE = WalletApp/Info.plist;
				IPHONEOS_DEPLOYMENT_TARGET = 13.0;
				LD_RUNPATH_SEARCH_PATHS = (
					"$(inherited)",
					"@executable_path/Frameworks",
				);
				PRODUCT_BUNDLE_IDENTIFIER = com.iosdevschool.WalletApp;
				PRODUCT_NAME = "$(TARGET_NAME)";
				SWIFT_VERSION = 4.0;
				TARGETED_DEVICE_FAMILY = "1,2";
			};
			name = Release;
		};
/* End XCBuildConfiguration section */

/* Begin XCConfigurationList section */
		63E1D3F220BB27B500049FC9 /* Build configuration list for PBXProject "WalletApp" */ = {
			isa = XCConfigurationList;
			buildConfigurations = (
				63E1D40A20BB27B600049FC9 /* Debug */,
				63E1D40B20BB27B600049FC9 /* Release */,
			);
			defaultConfigurationIsVisible = 0;
			defaultConfigurationName = Release;
		};
		63E1D40C20BB27B600049FC9 /* Build configuration list for PBXNativeTarget "WalletApp" */ = {
			isa = XCConfigurationList;
			buildConfigurations = (
				63E1D40D20BB27B600049FC9 /* Debug */,
				63E1D40E20BB27B600049FC9 /* Release */,
			);
			defaultConfigurationIsVisible = 0;
			defaultConfigurationName = Release;
		};
/* End XCConfigurationList section */

/* Begin XCVersionGroup section */
		63E1D40120BB27B500049FC9 /* WalletApp.xcdatamodeld */ = {
			isa = XCVersionGroup;
			children = (
				63E1D40220BB27B500049FC9 /* WalletApp.xcdatamodel */,
			);
			currentVersion = 63E1D40220BB27B500049FC9 /* WalletApp.xcdatamodel */;
			path = WalletApp.xcdatamodeld;
			sourceTree = "<group>";
			versionGroupType = wrapper.xcdatamodel;
		};
/* End XCVersionGroup section */
	};
	rootObject = 63E1D3EF20BB27B500049FC9 /* Project object */;
}
